
Microsoft Visual Studio Solution File, Format Version 12.00
Project("{2150E333-8FDC-42A3-9474-1A3956D46DE8}") = "GAMES101", "GAMES101", "{B6B7C89D-BF40-4374-9318-2D3A7A35B647}"
EndProject
Project("{8BC9CEB8-8B4A-11D0-8D11-00A0C91BC942}") = "P0", "GAMES101\P0\P0.vcxproj", "{7B6E81B8-8D26-4409-94AA-E7E6CD68AB7D}"
EndProject
Project("{8BC9CEB8-8B4A-11D0-8D11-00A0C91BC942}") = "Assignment1", "GAMES101\Assignment1\Assignment1.vcxproj", "{07F9D058-79F1-4F65-B9FD-D698C3A3EB09}"
EndProject
Project("{8BC9CEB8-8B4A-11D0-8D11-00A0C91BC942}") = "Assignment2", "GAMES101\Assignment2\Assignment2.vcxproj", "{BDD709BB-9B58-4C1A-840C-2E86A438A317}"
EndProject
Project("{8BC9CEB8-8B4A-11D0-8D11-00A0C91BC942}") = "Assignment3", "GAMES101\Assignment3\Assignment3.vcxproj", "{365544DB-BBBF-46B4-88A9-4000F45CEB4F}"
EndProject
Project("{8BC9CEB8-8B4A-11D0-8D11-00A0C91BC942}") = "Assignment4", "GAMES101\Assignment4\Assignment4.vcxproj", "{4C27A8F8-4325-4AC5-A490-492BBA155FA3}"
EndProject
Project("{8BC9CEB8-8B4A-11D0-8D11-00A0C91BC942}") = "Assignment5", "GAMES101\Assignment5\Assignment5.vcxproj", "{FA104D57-CA84-41F6-A6E2-10F60F99EF6A}"
EndProject
Project("{8BC9CEB8-8B4A-11D0-8D11-00A0C91BC942}") = "Assignment6", "GAMES101\Assignment6\Assignment6.vcxproj", "{493134BE-7B8C-4DD1-B298-FB4F902A3F1D}"
EndProject
Project("{8BC9CEB8-8B4A-11D0-8D11-00A0C91BC942}") = "Assignment7", "GAMES101\Assignment7\Assignment7.vcxproj", "{FEA3B8F9-4F99-4AE8-8C47-B365FB599233}"
EndProject
Project("{8BC9CEB8-8B4A-11D0-8D11-00A0C91BC942}") = "Assignment8", "GAMES101\Assignment8\Assignment8.vcxproj", "{04B17001-3DFD-4A72-92E4-0006483E70C2}"
EndProject
Global
	GlobalSection(SolutionConfigurationPlatforms) = preSolution
		Debug|Win32 = Debug|Win32
		Debug|x64 = Debug|x64
		Release|Win32 = Release|Win32
		Release|x64 = Release|x64
	EndGlobalSection
	GlobalSection(ProjectConfigurationPlatforms) = postSolution
		{7B6E81B8-8D26-4409-94AA-E7E6CD68AB7D}.Debug|Win32.ActiveCfg = Debug|Win32
		{7B6E81B8-8D26-4409-94AA-E7E6CD68AB7D}.Debug|Win32.Build.0 = Debug|Win32
		{7B6E81B8-8D26-4409-94AA-E7E6CD68AB7D}.Debug|x64.ActiveCfg = Debug|x64
		{7B6E81B8-8D26-4409-94AA-E7E6CD68AB7D}.Debug|x64.Build.0 = Debug|x64
		{7B6E81B8-8D26-4409-94AA-E7E6CD68AB7D}.Release|Win32.ActiveCfg = Release|Win32
		{7B6E81B8-8D26-4409-94AA-E7E6CD68AB7D}.Release|Win32.Build.0 = Release|Win32
		{7B6E81B8-8D26-4409-94AA-E7E6CD68AB7D}.Release|x64.ActiveCfg = Release|x64
		{7B6E81B8-8D26-4409-94AA-E7E6CD68AB7D}.Release|x64.Build.0 = Release|x64
		{BDD709BB-9B58-4C1A-840C-2E86A438A317}.Debug|Win32.ActiveCfg = Debug|Win32
		{BDD709BB-9B58-4C1A-840C-2E86A438A317}.Debug|Win32.Build.0 = Debug|Win32
		{BDD709BB-9B58-4C1A-840C-2E86A438A317}.Debug|x64.ActiveCfg = Debug|x64
		{BDD709BB-9B58-4C1A-840C-2E86A438A317}.Debug|x64.Build.0 = Debug|x64
		{BDD709BB-9B58-4C1A-840C-2E86A438A317}.Release|Win32.ActiveCfg = Release|Win32
		{BDD709BB-9B58-4C1A-840C-2E86A438A317}.Release|Win32.Build.0 = Release|Win32
		{BDD709BB-9B58-4C1A-840C-2E86A438A317}.Release|x64.ActiveCfg = Release|x64
		{BDD709BB-9B58-4C1A-840C-2E86A438A317}.Release|x64.Build.0 = Release|x64
		{365544DB-BBBF-46B4-88A9-4000F45CEB4F}.Debug|Win32.ActiveCfg = Debug|Win32
		{365544DB-BBBF-46B4-88A9-4000F45CEB4F}.Debug|Win32.Build.0 = Debug|Win32
		{365544DB-BBBF-46B4-88A9-4000F45CEB4F}.Debug|x64.ActiveCfg = Debug|x64
		{365544DB-BBBF-46B4-88A9-4000F45CEB4F}.Debug|x64.Build.0 = Debug|x64
		{365544DB-BBBF-46B4-88A9-4000F45CEB4F}.Release|Win32.ActiveCfg = Release|Win32
		{365544DB-BBBF-46B4-88A9-4000F45CEB4F}.Release|Win32.Build.0 = Release|Win32
		{365544DB-BBBF-46B4-88A9-4000F45CEB4F}.Release|x64.ActiveCfg = Release|x64
		{365544DB-BBBF-46B4-88A9-4000F45CEB4F}.Release|x64.Build.0 = Release|x64
		{4C27A8F8-4325-4AC5-A490-492BBA155FA3}.Debug|Win32.ActiveCfg = Debug|Win32
		{4C27A8F8-4325-4AC5-A490-492BBA155FA3}.Debug|Win32.Build.0 = Debug|Win32
		{4C27A8F8-4325-4AC5-A490-492BBA155FA3}.Debug|x64.ActiveCfg = Debug|x64
		{4C27A8F8-4325-4AC5-A490-492BBA155FA3}.Debug|x64.Build.0 = Debug|x64
		{4C27A8F8-4325-4AC5-A490-492BBA155FA3}.Release|Win32.ActiveCfg = Release|Win32
		{4C27A8F8-4325-4AC5-A490-492BBA155FA3}.Release|Win32.Build.0 = Release|Win32
		{4C27A8F8-4325-4AC5-A490-492BBA155FA3}.Release|x64.ActiveCfg = Release|x64
		{4C27A8F8-4325-4AC5-A490-492BBA155FA3}.Release|x64.Build.0 = Release|x64
		{FA104D57-CA84-41F6-A6E2-10F60F99EF6A}.Debug|Win32.ActiveCfg = Debug|Win32
		{FA104D57-CA84-41F6-A6E2-10F60F99EF6A}.Debug|Win32.Build.0 = Debug|Win32
		{FA104D57-CA84-41F6-A6E2-10F60F99EF6A}.Debug|x64.ActiveCfg = Debug|x64
		{FA104D57-CA84-41F6-A6E2-10F60F99EF6A}.Debug|x64.Build.0 = Debug|x64
		{FA104D57-CA84-41F6-A6E2-10F60F99EF6A}.Release|Win32.ActiveCfg = Release|Win32
		{FA104D57-CA84-41F6-A6E2-10F60F99EF6A}.Release|Win32.Build.0 = Release|Win32
		{FA104D57-CA84-41F6-A6E2-10F60F99EF6A}.Release|x64.ActiveCfg = Release|x64
		{FA104D57-CA84-41F6-A6E2-10F60F99EF6A}.Release|x64.Build.0 = Release|x64
		{493134BE-7B8C-4DD1-B298-FB4F902A3F1D}.Debug|Win32.ActiveCfg = Debug|Win32
		{493134BE-7B8C-4DD1-B298-FB4F902A3F1D}.Debug|Win32.Build.0 = Debug|Win32
		{493134BE-7B8C-4DD1-B298-FB4F902A3F1D}.Debug|x64.ActiveCfg = Debug|x64
		{493134BE-7B8C-4DD1-B298-FB4F902A3F1D}.Debug|x64.Build.0 = Debug|x64
		{493134BE-7B8C-4DD1-B298-FB4F902A3F1D}.Release|Win32.ActiveCfg = Release|Win32
		{493134BE-7B8C-4DD1-B298-FB4F902A3F1D}.Release|Win32.Build.0 = Release|Win32
		{493134BE-7B8C-4DD1-B298-FB4F902A3F1D}.Release|x64.ActiveCfg = Release|x64
		{493134BE-7B8C-4DD1-B298-FB4F902A3F1D}.Release|x64.Build.0 = Release|x64
		{FEA3B8F9-4F99-4AE8-8C47-B365FB599233}.Debug|Win32.ActiveCfg = Debug|Win32
		{FEA3B8F9-4F99-4AE8-8C47-B365FB599233}.Debug|Win32.Build.0 = Debug|Win32
		{FEA3B8F9-4F99-4AE8-8C47-B365FB599233}.Debug|x64.ActiveCfg = Debug|x64
		{FEA3B8F9-4F99-4AE8-8C47-B365FB599233}.Debug|x64.Build.0 = Debug|x64
		{FEA3B8F9-4F99-4AE8-8C47-B365FB599233}.Release|Win32.ActiveCfg = Release|Win32
		{FEA3B8F9-4F99-4AE8-8C47-B365FB599233}.Release|Win32.Build.0 = Release|Win32
		{FEA3B8F9-4F99-4AE8-8C47-B365FB599233}.Release|x64.ActiveCfg = Release|x64
		{FEA3B8F9-4F99-4AE8-8C47-B365FB599233}.Release|x64.Build.0 = Release|x64
		{04B17001-3DFD-4A72-92E4-0006483E70C2}.Debug|Win32.ActiveCfg = Debug|Win32
		{04B17001-3DFD-4A72-92E4-0006483E70C2}.Debug|Win32.Build.0 = Debug|Win32
		{04B17001-3DFD-4A72-92E4-0006483E70C2}.Debug|x64.ActiveCfg = Debug|x64
		{04B17001-3DFD-4A72-92E4-0006483E70C2}.Debug|x64.Build.0 = Debug|x64
		{04B17001-3DFD-4A72-92E4-0006483E70C2}.Release|Win32.ActiveCfg = Release|Win32
		{04B17001-3DFD-4A72-92E4-0006483E70C2}.Release|Win32.Build.0 = Release|Win32
		{04B17001-3DFD-4A72-92E4-0006483E70C2}.Release|x64.ActiveCfg = Release|x64
		{04B17001-3DFD-4A72-92E4-0006483E70C2}.Release|x64.Build.0 = Release|x64
	EndGlobalSection
	GlobalSection(NestedProjects) = preSolution
		{7B6E81B8-8D26-4409-94AA-E7E6CD68AB7D} = {B6B7C89D-BF40-4374-9318-2D3A7A35B647}
		{BDD709BB-9B58-4C1A-840C-2E86A438A317} = {B6B7C89D-BF40-4374-9318-2D3A7A35B647}
		{07F9D058-79F1-4F65-B9FD-D698C3A3EB09} = {B6B7C89D-BF40-4374-9318-2D3A7A35B647}
		{365544DB-BBBF-46B4-88A9-4000F45CEB4F} = {B6B7C89D-BF40-4374-9318-2D3A7A35B647}
		{4C27A8F8-4325-4AC5-A490-492BBA155FA3} = {B6B7C89D-BF40-4374-9318-2D3A7A35B647}
		{FA104D57-CA84-41F6-A6E2-10F60F99EF6A} = {B6B7C89D-BF40-4374-9318-2D3A7A35B647}
		{493134BE-7B8C-4DD1-B298-FB4F902A3F1D} = {B6B7C89D-BF40-4374-9318-2D3A7A35B647}
		{FEA3B8F9-4F99-4AE8-8C47-B365FB599233} = {B6B7C89D-BF40-4374-9318-2D3A7A35B647}
		{04B17001-3DFD-4A72-92E4-0006483E70C2} = {B6B7C89D-BF40-4374-9318-2D3A7A35B647}
	EndGlobalSection
EndGlobal
